// !$*UTF8*$!
{
	archiveVersion = 1;
	classes = {
	};
	objectVersion = 50;
	objects = {

/* Begin PBXBuildFile section */
		894B4E0320F67C9300E30C28 /* AppDelegate.swift in Sources */ = {isa = PBXBuildFile; fileRef = 894B4E0220F67C9300E30C28 /* AppDelegate.swift */; };
		894B4E0520F67C9300E30C28 /* ViewController.swift in Sources */ = {isa = PBXBuildFile; fileRef = 894B4E0420F67C9300E30C28 /* ViewController.swift */; };
		894B4E0820F67C9300E30C28 /* Main.storyboard in Resources */ = {isa = PBXBuildFile; fileRef = 894B4E0620F67C9300E30C28 /* Main.storyboard */; };
		894B4E0A20F67C9800E30C28 /* Assets.xcassets in Resources */ = {isa = PBXBuildFile; fileRef = 894B4E0920F67C9800E30C28 /* Assets.xcassets */; };
		894B4E0D20F67C9800E30C28 /* LaunchScreen.storyboard in Resources */ = {isa = PBXBuildFile; fileRef = 894B4E0B20F67C9800E30C28 /* LaunchScreen.storyboard */; };
		894B4E1820F67C9800E30C28 /* ChatAppTests.swift in Sources */ = {isa = PBXBuildFile; fileRef = 894B4E1720F67C9800E30C28 /* ChatAppTests.swift */; };
		894B4E2320F67C9800E30C28 /* ChatAppUITests.swift in Sources */ = {isa = PBXBuildFile; fileRef = 894B4E2220F67C9800E30C28 /* ChatAppUITests.swift */; };
/* End PBXBuildFile section */

/* Begin PBXContainerItemProxy section */
		894B4E1420F67C9800E30C28 /* PBXContainerItemProxy */ = {
			isa = PBXContainerItemProxy;
			containerPortal = 894B4DF720F67C9300E30C28 /* Project object */;
			proxyType = 1;
			remoteGlobalIDString = 894B4DFE20F67C9300E30C28;
			remoteInfo = ChatApp;
		};
		894B4E1F20F67C9800E30C28 /* PBXContainerItemProxy */ = {
			isa = PBXContainerItemProxy;
			containerPortal = 894B4DF720F67C9300E30C28 /* Project object */;
			proxyType = 1;
			remoteGlobalIDString = 894B4DFE20F67C9300E30C28;
			remoteInfo = ChatApp;
		};
/* End PBXContainerItemProxy section */

/* Begin PBXFileReference section */
		894B4DFF20F67C9300E30C28 /* ChatApp.app */ = {isa = PBXFileReference; explicitFileType = wrapper.application; includeInIndex = 0; path = ChatApp.app; sourceTree = BUILT_PRODUCTS_DIR; };
		894B4E0220F67C9300E30C28 /* AppDelegate.swift */ = {isa = PBXFileReference; lastKnownFileType = sourcecode.swift; path = AppDelegate.swift; sourceTree = "<group>"; };
		894B4E0420F67C9300E30C28 /* ViewController.swift */ = {isa = PBXFileReference; lastKnownFileType = sourcecode.swift; path = ViewController.swift; sourceTree = "<group>"; };
		894B4E0720F67C9300E30C28 /* Base */ = {isa = PBXFileReference; lastKnownFileType = file.storyboard; name = Base; path = Base.lproj/Main.storyboard; sourceTree = "<group>"; };
		894B4E0920F67C9800E30C28 /* Assets.xcassets */ = {isa = PBXFileReference; lastKnownFileType = folder.assetcatalog; path = Assets.xcassets; sourceTree = "<group>"; };
		894B4E0C20F67C9800E30C28 /* Base */ = {isa = PBXFileReference; lastKnownFileType = file.storyboard; name = Base; path = Base.lproj/LaunchScreen.storyboard; sourceTree = "<group>"; };
		894B4E0E20F67C9800E30C28 /* Info.plist */ = {isa = PBXFileReference; lastKnownFileType = text.plist.xml; path = Info.plist; sourceTree = "<group>"; };
		894B4E1320F67C9800E30C28 /* ChatAppTests.xctest */ = {isa = PBXFileReference; explicitFileType = wrapper.cfbundle; includeInIndex = 0; path = ChatAppTests.xctest; sourceTree = BUILT_PRODUCTS_DIR; };
		894B4E1720F67C9800E30C28 /* ChatAppTests.swift */ = {isa = PBXFileReference; lastKnownFileType = sourcecode.swift; path = ChatAppTests.swift; sourceTree = "<group>"; };
		894B4E1920F67C9800E30C28 /* Info.plist */ = {isa = PBXFileReference; lastKnownFileType = text.plist.xml; path = Info.plist; sourceTree = "<group>"; };
		894B4E1E20F67C9800E30C28 /* ChatAppUITests.xctest */ = {isa = PBXFileReference; explicitFileType = wrapper.cfbundle; includeInIndex = 0; path = ChatAppUITests.xctest; sourceTree = BUILT_PRODUCTS_DIR; };
		894B4E2220F67C9800E30C28 /* ChatAppUITests.swift */ = {isa = PBXFileReference; lastKnownFileType = sourcecode.swift; path = ChatAppUITests.swift; sourceTree = "<group>"; };
		894B4E2420F67C9800E30C28 /* Info.plist */ = {isa = PBXFileReference; lastKnownFileType = text.plist.xml; path = Info.plist; sourceTree = "<group>"; };
/* End PBXFileReference section */

/* Begin PBXFrameworksBuildPhase section */
		894B4DFC20F67C9300E30C28 /* Frameworks */ = {
			isa = PBXFrameworksBuildPhase;
			buildActionMask = 2147483647;
			files = (
			);
			runOnlyForDeploymentPostprocessing = 0;
		};
		894B4E1020F67C9800E30C28 /* Frameworks */ = {
			isa = PBXFrameworksBuildPhase;
			buildActionMask = 2147483647;
			files = (
			);
			runOnlyForDeploymentPostprocessing = 0;
		};
		894B4E1B20F67C9800E30C28 /* Frameworks */ = {
			isa = PBXFrameworksBuildPhase;
			buildActionMask = 2147483647;
			files = (
			);
			runOnlyForDeploymentPostprocessing = 0;
		};
/* End PBXFrameworksBuildPhase section */

/* Begin PBXGroup section */
		894B4DF620F67C9300E30C28 = {
			isa = PBXGroup;
			children = (
				894B4E0120F67C9300E30C28 /* ChatApp */,
				894B4E1620F67C9800E30C28 /* ChatAppTests */,
				894B4E2120F67C9800E30C28 /* ChatAppUITests */,
				894B4E0020F67C9300E30C28 /* Products */,
			);
			sourceTree = "<group>";
		};
		894B4E0020F67C9300E30C28 /* Products */ = {
			isa = PBXGroup;
			children = (
				894B4DFF20F67C9300E30C28 /* ChatApp.app */,
				894B4E1320F67C9800E30C28 /* ChatAppTests.xctest */,
				894B4E1E20F67C9800E30C28 /* ChatAppUITests.xctest */,
			);
			name = Products;
			sourceTree = "<group>";
		};
		894B4E0120F67C9300E30C28 /* ChatApp */ = {
			isa = PBXGroup;
			children = (
				894B4E0220F67C9300E30C28 /* AppDelegate.swift */,
				894B4E0420F67C9300E30C28 /* ViewController.swift */,
				894B4E0620F67C9300E30C28 /* Main.storyboard */,
				894B4E0920F67C9800E30C28 /* Assets.xcassets */,
				894B4E0B20F67C9800E30C28 /* LaunchScreen.storyboard */,
				894B4E0E20F67C9800E30C28 /* Info.plist */,
			);
			path = ChatApp;
			sourceTree = "<group>";
		};
		894B4E1620F67C9800E30C28 /* ChatAppTests */ = {
			isa = PBXGroup;
			children = (
				894B4E1720F67C9800E30C28 /* ChatAppTests.swift */,
				894B4E1920F67C9800E30C28 /* Info.plist */,
			);
			path = ChatAppTests;
			sourceTree = "<group>";
		};
		894B4E2120F67C9800E30C28 /* ChatAppUITests */ = {
			isa = PBXGroup;
			children = (
				894B4E2220F67C9800E30C28 /* ChatAppUITests.swift */,
				894B4E2420F67C9800E30C28 /* Info.plist */,
			);
			path = ChatAppUITests;
			sourceTree = "<group>";
		};
/* End PBXGroup section */

/* Begin PBXNativeTarget section */
		894B4DFE20F67C9300E30C28 /* ChatApp */ = {
			isa = PBXNativeTarget;
			buildConfigurationList = 894B4E2720F67C9800E30C28 /* Build configuration list for PBXNativeTarget "ChatApp" */;
			buildPhases = (
				894B4DFB20F67C9300E30C28 /* Sources */,
				894B4DFC20F67C9300E30C28 /* Frameworks */,
				894B4DFD20F67C9300E30C28 /* Resources */,
			);
			buildRules = (
			);
			dependencies = (
			);
			name = ChatApp;
			productName = ChatApp;
			productReference = 894B4DFF20F67C9300E30C28 /* ChatApp.app */;
			productType = "com.apple.product-type.application";
		};
		894B4E1220F67C9800E30C28 /* ChatAppTests */ = {
			isa = PBXNativeTarget;
			buildConfigurationList = 894B4E2A20F67C9800E30C28 /* Build configuration list for PBXNativeTarget "ChatAppTests" */;
			buildPhases = (
				894B4E0F20F67C9800E30C28 /* Sources */,
				894B4E1020F67C9800E30C28 /* Frameworks */,
				894B4E1120F67C9800E30C28 /* Resources */,
			);
			buildRules = (
			);
			dependencies = (
				894B4E1520F67C9800E30C28 /* PBXTargetDependency */,
			);
			name = ChatAppTests;
			productName = ChatAppTests;
			productReference = 894B4E1320F67C9800E30C28 /* ChatAppTests.xctest */;
			productType = "com.apple.product-type.bundle.unit-test";
		};
		894B4E1D20F67C9800E30C28 /* ChatAppUITests */ = {
			isa = PBXNativeTarget;
			buildConfigurationList = 894B4E2D20F67C9800E30C28 /* Build configuration list for PBXNativeTarget "ChatAppUITests" */;
			buildPhases = (
				894B4E1A20F67C9800E30C28 /* Sources */,
				894B4E1B20F67C9800E30C28 /* Frameworks */,
				894B4E1C20F67C9800E30C28 /* Resources */,
			);
			buildRules = (
			);
			dependencies = (
				894B4E2020F67C9800E30C28 /* PBXTargetDependency */,
			);
			name = ChatAppUITests;
			productName = ChatAppUITests;
			productReference = 894B4E1E20F67C9800E30C28 /* ChatAppUITests.xctest */;
			productType = "com.apple.product-type.bundle.ui-testing";
		};
/* End PBXNativeTarget section */

/* Begin PBXProject section */
		894B4DF720F67C9300E30C28 /* Project object */ = {
			isa = PBXProject;
			attributes = {
				LastSwiftUpdateCheck = 0940;
				LastUpgradeCheck = 0940;
				ORGANIZATIONNAME = kashee;
				TargetAttributes = {
					894B4DFE20F67C9300E30C28 = {
						CreatedOnToolsVersion = 9.4.1;
					};
					894B4E1220F67C9800E30C28 = {
						CreatedOnToolsVersion = 9.4.1;
						TestTargetID = 894B4DFE20F67C9300E30C28;
					};
					894B4E1D20F67C9800E30C28 = {
						CreatedOnToolsVersion = 9.4.1;
						TestTargetID = 894B4DFE20F67C9300E30C28;
					};
				};
			};
			buildConfigurationList = 894B4DFA20F67C9300E30C28 /* Build configuration list for PBXProject "ChatApp" */;
			compatibilityVersion = "Xcode 9.3";
			developmentRegion = en;
			hasScannedForEncodings = 0;
			knownRegions = (
				en,
				Base,
			);
			mainGroup = 894B4DF620F67C9300E30C28;
			productRefGroup = 894B4E0020F67C9300E30C28 /* Products */;
			projectDirPath = "";
			projectRoot = "";
			targets = (
				894B4DFE20F67C9300E30C28 /* ChatApp */,
				894B4E1220F67C9800E30C28 /* ChatAppTests */,
				894B4E1D20F67C9800E30C28 /* ChatAppUITests */,
			);
		};
/* End PBXProject section */

/* Begin PBXResourcesBuildPhase section */
		894B4DFD20F67C9300E30C28 /* Resources */ = {
			isa = PBXResourcesBuildPhase;
			buildActionMask = 2147483647;
			files = (
				894B4E0D20F67C9800E30C28 /* LaunchScreen.storyboard in Resources */,
				894B4E0A20F67C9800E30C28 /* Assets.xcassets in Resources */,
				894B4E0820F67C9300E30C28 /* Main.storyboard in Resources */,
			);
			runOnlyForDeploymentPostprocessing = 0;
		};
		894B4E1120F67C9800E30C28 /* Resources */ = {
			isa = PBXResourcesBuildPhase;
			buildActionMask = 2147483647;
			files = (
			);
			runOnlyForDeploymentPostprocessing = 0;
		};
		894B4E1C20F67C9800E30C28 /* Resources */ = {
			isa = PBXResourcesBuildPhase;
			buildActionMask = 2147483647;
			files = (
			);
			runOnlyForDeploymentPostprocessing = 0;
		};
/* End PBXResourcesBuildPhase section */

/* Begin PBXSourcesBuildPhase section */
		894B4DFB20F67C9300E30C28 /* Sources */ = {
			isa = PBXSourcesBuildPhase;
			buildActionMask = 2147483647;
			files = (
				894B4E0520F67C9300E30C28 /* ViewController.swift in Sources */,
				894B4E0320F67C9300E30C28 /* AppDelegate.swift in Sources */,
			);
			runOnlyForDeploymentPostprocessing = 0;
		};
		894B4E0F20F67C9800E30C28 /* Sources */ = {
			isa = PBXSourcesBuildPhase;
			buildActionMask = 2147483647;
			files = (
				894B4E1820F67C9800E30C28 /* ChatAppTests.swift in Sources */,
			);
			runOnlyForDeploymentPostprocessing = 0;
		};
		894B4E1A20F67C9800E30C28 /* Sources */ = {
			isa = PBXSourcesBuildPhase;
			buildActionMask = 2147483647;
			files = (
				894B4E2320F67C9800E30C28 /* ChatAppUITests.swift in Sources */,
			);
			runOnlyForDeploymentPostprocessing = 0;
		};
/* End PBXSourcesBuildPhase section */

/* Begin PBXTargetDependency section */
		894B4E1520F67C9800E30C28 /* PBXTargetDependency */ = {
			isa = PBXTargetDependency;
			target = 894B4DFE20F67C9300E30C28 /* ChatApp */;
			targetProxy = 894B4E1420F67C9800E30C28 /* PBXContainerItemProxy */;
		};
		894B4E2020F67C9800E30C28 /* PBXTargetDependency */ = {
			isa = PBXTargetDependency;
			target = 894B4DFE20F67C9300E30C28 /* ChatApp */;
			targetProxy = 894B4E1F20F67C9800E30C28 /* PBXContainerItemProxy */;
		};
/* End PBXTargetDependency section */

/* Begin PBXVariantGroup section */
		894B4E0620F67C9300E30C28 /* Main.storyboard */ = {
			isa = PBXVariantGroup;
			children = (
				894B4E0720F67C9300E30C28 /* Base */,
			);
			name = Main.storyboard;
			sourceTree = "<group>";
		};
		894B4E0B20F67C9800E30C28 /* LaunchScreen.storyboard */ = {
			isa = PBXVariantGroup;
			children = (
				894B4E0C20F67C9800E30C28 /* Base */,
			);
			name = LaunchScreen.storyboard;
			sourceTree = "<group>";
		};
/* End PBXVariantGroup section */

/* Begin XCBuildConfiguration section */
		894B4E2520F67C9800E30C28 /* Debug */ = {
			isa = XCBuildConfiguration;
			buildSettings = {
				ALWAYS_SEARCH_USER_PATHS = NO;
				CLANG_ANALYZER_NONNULL = YES;
				CLANG_ANALYZER_NUMBER_OBJECT_CONVERSION = YES_AGGRESSIVE;
				CLANG_CXX_LANGUAGE_STANDARD = "gnu++14";
				CLANG_CXX_LIBRARY = "libc++";
				CLANG_ENABLE_MODULES = YES;
				CLANG_ENABLE_OBJC_ARC = YES;
				CLANG_ENABLE_OBJC_WEAK = YES;
				CLANG_WARN_BLOCK_CAPTURE_AUTORELEASING = YES;
				CLANG_WARN_BOOL_CONVERSION = YES;
				CLANG_WARN_COMMA = YES;
				CLANG_WARN_CONSTANT_CONVERSION = YES;
				CLANG_WARN_DEPRECATED_OBJC_IMPLEMENTATIONS = YES;
				CLANG_WARN_DIRECT_OBJC_ISA_USAGE = YES_ERROR;
				CLANG_WARN_DOCUMENTATION_COMMENTS = YES;
				CLANG_WARN_EMPTY_BODY = YES;
				CLANG_WARN_ENUM_CONVERSION = YES;
				CLANG_WARN_INFINITE_RECURSION = YES;
				CLANG_WARN_INT_CONVERSION = YES;
				CLANG_WARN_NON_LITERAL_NULL_CONVERSION = YES;
				CLANG_WARN_OBJC_IMPLICIT_RETAIN_SELF = YES;
				CLANG_WARN_OBJC_LITERAL_CONVERSION = YES;
				CLANG_WARN_OBJC_ROOT_CLASS = YES_ERROR;
				CLANG_WARN_RANGE_LOOP_ANALYSIS = YES;
				CLANG_WARN_STRICT_PROTOTYPES = YES;
				CLANG_WARN_SUSPICIOUS_MOVE = YES;
				CLANG_WARN_UNGUARDED_AVAILABILITY = YES_AGGRESSIVE;
				CLANG_WARN_UNREACHABLE_CODE = YES;
				CLANG_WARN__DUPLICATE_METHOD_MATCH = YES;
				CODE_SIGN_IDENTITY = "iPhone Developer";
				COPY_PHASE_STRIP = NO;
				DEBUG_INFORMATION_FORMAT = dwarf;
				ENABLE_STRICT_OBJC_MSGSEND = YES;
				ENABLE_TESTABILITY = YES;
				GCC_C_LANGUAGE_STANDARD = gnu11;
				GCC_DYNAMIC_NO_PIC = NO;
				GCC_NO_COMMON_BLOCKS = YES;
				GCC_OPTIMIZATION_LEVEL = 0;
				GCC_PREPROCESSOR_DEFINITIONS = (
					"DEBUG=1",
					"$(inherited)",
				);
				GCC_WARN_64_TO_32_BIT_CONVERSION = YES;
				GCC_WARN_ABOUT_RETURN_TYPE = YES_ERROR;
				GCC_WARN_UNDECLARED_SELECTOR = YES;
				GCC_WARN_UNINITIALIZED_AUTOS = YES_AGGRESSIVE;
				GCC_WARN_UNUSED_FUNCTION = YES;
				GCC_WARN_UNUSED_VARIABLE = YES;
				IPHONEOS_DEPLOYMENT_TARGET = 11.4;
				MTL_ENABLE_DEBUG_INFO = YES;
				ONLY_ACTIVE_ARCH = YES;
				SDKROOT = iphoneos;
				SWIFT_ACTIVE_COMPILATION_CONDITIONS = DEBUG;
				SWIFT_OPTIMIZATION_LEVEL = "-Onone";
			};
			name = Debug;
		};
		894B4E2620F67C9800E30C28 /* Release */ = {
			isa = XCBuildConfiguration;
			buildSettings = {
				ALWAYS_SEARCH_USER_PATHS = NO;
				CLANG_ANALYZER_NONNULL = YES;
				CLANG_ANALYZER_NUMBER_OBJECT_CONVERSION = YES_AGGRESSIVE;
				CLANG_CXX_LANGUAGE_STANDARD = "gnu++14";
				CLANG_CXX_LIBRARY = "libc++";
				CLANG_ENABLE_MODULES = YES;
				CLANG_ENABLE_OBJC_ARC = YES;
				CLANG_ENABLE_OBJC_WEAK = YES;
				CLANG_WARN_BLOCK_CAPTURE_AUTORELEASING = YES;
				CLANG_WARN_BOOL_CONVERSION = YES;
				CLANG_WARN_COMMA = YES;
				CLANG_WARN_CONSTANT_CONVERSION = YES;
				CLANG_WARN_DEPRECATED_OBJC_IMPLEMENTATIONS = YES;
				CLANG_WARN_DIRECT_OBJC_ISA_USAGE = YES_ERROR;
				CLANG_WARN_DOCUMENTATION_COMMENTS = YES;
				CLANG_WARN_EMPTY_BODY = YES;
				CLANG_WARN_ENUM_CONVERSION = YES;
				CLANG_WARN_INFINITE_RECURSION = YES;
				CLANG_WARN_INT_CONVERSION = YES;
				CLANG_WARN_NON_LITERAL_NULL_CONVERSION = YES;
				CLANG_WARN_OBJC_IMPLICIT_RETAIN_SELF = YES;
				CLANG_WARN_OBJC_LITERAL_CONVERSION = YES;
				CLANG_WARN_OBJC_ROOT_CLASS = YES_ERROR;
				CLANG_WARN_RANGE_LOOP_ANALYSIS = YES;
				CLANG_WARN_STRICT_PROTOTYPES = YES;
				CLANG_WARN_SUSPICIOUS_MOVE = YES;
				CLANG_WARN_UNGUARDED_AVAILABILITY = YES_AGGRESSIVE;
				CLANG_WARN_UNREACHABLE_CODE = YES;
				CLANG_WARN__DUPLICATE_METHOD_MATCH = YES;
				CODE_SIGN_IDENTITY = "iPhone Developer";
				COPY_PHASE_STRIP = NO;
				DEBUG_INFORMATION_FORMAT = "dwarf-with-dsym";
				ENABLE_NS_ASSERTIONS = NO;
				ENABLE_STRICT_OBJC_MSGSEND = YES;
				GCC_C_LANGUAGE_STANDARD = gnu11;
				GCC_NO_COMMON_BLOCKS = YES;
				GCC_WARN_64_TO_32_BIT_CONVERSION = YES;
				GCC_WARN_ABOUT_RETURN_TYPE = YES_ERROR;
				GCC_WARN_UNDECLARED_SELECTOR = YES;
				GCC_WARN_UNINITIALIZED_AUTOS = YES_AGGRESSIVE;
				GCC_WARN_UNUSED_FUNCTION = YES;
				GCC_WARN_UNUSED_VARIABLE = YES;
				IPHONEOS_DEPLOYMENT_TARGET = 11.4;
				MTL_ENABLE_DEBUG_INFO = NO;
				SDKROOT = iphoneos;
				SWIFT_COMPILATION_MODE = wholemodule;
				SWIFT_OPTIMIZATION_LEVEL = "-O";
				VALIDATE_PRODUCT = YES;
			};
			name = Release;
		};
		894B4E2820F67C9800E30C28 /* Debug */ = {
			isa = XCBuildConfiguration;
			buildSettings = {
				ASSETCATALOG_COMPILER_APPICON_NAME = AppIcon;
				CODE_SIGN_STYLE = Automatic;
				INFOPLIST_FILE = ChatApp/Info.plist;
				LD_RUNPATH_SEARCH_PATHS = (
					"$(inherited)",
					"@executable_path/Frameworks",
				);
				PRODUCT_BUNDLE_IDENTIFIER = SBasic.ChatApp;
				PRODUCT_NAME = "$(TARGET_NAME)";
				SWIFT_VERSION = 4.0;
				TARGETED_DEVICE_FAMILY = "1,2";
			};
			name = Debug;
		};
		894B4E2920F67C9800E30C28 /* Release */ = {
			isa = XCBuildConfiguration;
			buildSettings = {
				ASSETCATALOG_COMPILER_APPICON_NAME = AppIcon;
				CODE_SIGN_STYLE = Automatic;
				INFOPLIST_FILE = ChatApp/Info.plist;
				LD_RUNPATH_SEARCH_PATHS = (
					"$(inherited)",
					"@executable_path/Frameworks",
				);
				PRODUCT_BUNDLE_IDENTIFIER = SBasic.ChatApp;
				PRODUCT_NAME = "$(TARGET_NAME)";
				SWIFT_VERSION = 4.0;
				TARGETED_DEVICE_FAMILY = "1,2";
			};
			name = Release;
		};
		894B4E2B20F67C9800E30C28 /* Debug */ = {
			isa = XCBuildConfiguration;
			buildSettings = {
				ALWAYS_EMBED_SWIFT_STANDARD_LIBRARIES = YES;
				BUNDLE_LOADER = "$(TEST_HOST)";
				CODE_SIGN_STYLE = Automatic;
				INFOPLIST_FILE = ChatAppTests/Info.plist;
				LD_RUNPATH_SEARCH_PATHS = (
					"$(inherited)",
					"@executable_path/Frameworks",
					"@loader_path/Frameworks",
				);
				PRODUCT_BUNDLE_IDENTIFIER = SBasic.ChatAppTests;
				PRODUCT_NAME = "$(TARGET_NAME)";
				SWIFT_VERSION = 4.0;
				TARGETED_DEVICE_FAMILY = "1,2";
				TEST_HOST = "$(BUILT_PRODUCTS_DIR)/ChatApp.app/ChatApp";
			};
			name = Debug;
		};
		894B4E2C20F67C9800E30C28 /* Release */ = {
			isa = XCBuildConfiguration;
			buildSettings = {
				ALWAYS_EMBED_SWIFT_STANDARD_LIBRARIES = YES;
				BUNDLE_LOADER = "$(TEST_HOST)";
				CODE_SIGN_STYLE = Automatic;
				INFOPLIST_FILE = ChatAppTests/Info.plist;
				LD_RUNPATH_SEARCH_PATHS = (
					"$(inherited)",
					"@executable_path/Frameworks",
					"@loader_path/Frameworks",
				);
				PRODUCT_BUNDLE_IDENTIFIER = SBasic.ChatAppTests;
				PRODUCT_NAME = "$(TARGET_NAME)";
				SWIFT_VERSION = 4.0;
				TARGETED_DEVICE_FAMILY = "1,2";
				TEST_HOST = "$(BUILT_PRODUCTS_DIR)/ChatApp.app/ChatApp";
			};
			name = Release;
		};
		894B4E2E20F67C9800E30C28 /* Debug */ = {
			isa = XCBuildConfiguration;
			buildSettings = {
				ALWAYS_EMBED_SWIFT_STANDARD_LIBRARIES = YES;
				CODE_SIGN_STYLE = Automatic;
				INFOPLIST_FILE = ChatAppUITests/Info.plist;
				LD_RUNPATH_SEARCH_PATHS = (
					"$(inherited)",
					"@executable_path/Frameworks",
					"@loader_path/Frameworks",
				);
				PRODUCT_BUNDLE_IDENTIFIER = SBasic.ChatAppUITests;
				PRODUCT_NAME = "$(TARGET_NAME)";
				SWIFT_VERSION = 4.0;
				TARGETED_DEVICE_FAMILY = "1,2";
				TEST_TARGET_NAME = ChatApp;
			};
			name = Debug;
		};
		894B4E2F20F67C9800E30C28 /* Release */ = {
			isa = XCBuildConfiguration;
			buildSettings = {
				ALWAYS_EMBED_SWIFT_STANDARD_LIBRARIES = YES;
				CODE_SIGN_STYLE = Automatic;
				INFOPLIST_FILE = ChatAppUITests/Info.plist;
				LD_RUNPATH_SEARCH_PATHS = (
					"$(inherited)",
					"@executable_path/Frameworks",
					"@loader_path/Frameworks",
				);
				PRODUCT_BUNDLE_IDENTIFIER = SBasic.ChatAppUITests;
				PRODUCT_NAME = "$(TARGET_NAME)";
				SWIFT_VERSION = 4.0;
				TARGETED_DEVICE_FAMILY = "1,2";
				TEST_TARGET_NAME = ChatApp;
			};
			name = Release;
		};
/* End XCBuildConfiguration section */

/* Begin XCConfigurationList section */
		894B4DFA20F67C9300E30C28 /* Build configuration list for PBXProject "ChatApp" */ = {
			isa = XCConfigurationList;
			buildConfigurations = (
				894B4E2520F67C9800E30C28 /* Debug */,
				894B4E2620F67C9800E30C28 /* Release */,
			);
			defaultConfigurationIsVisible = 0;
			defaultConfigurationName = Release;
		};
		894B4E2720F67C9800E30C28 /* Build configuration list for PBXNativeTarget "ChatApp" */ = {
			isa = XCConfigurationList;
			buildConfigurations = (
				894B4E2820F67C9800E30C28 /* Debug */,
				894B4E2920F67C9800E30C28 /* Release */,
			);
			defaultConfigurationIsVisible = 0;
			defaultConfigurationName = Release;
		};
		894B4E2A20F67C9800E30C28 /* Build configuration list for PBXNativeTarget "ChatAppTests" */ = {
			isa = XCConfigurationList;
			buildConfigurations = (
				894B4E2B20F67C9800E30C28 /* Debug */,
				894B4E2C20F67C9800E30C28 /* Release */,
			);
			defaultConfigurationIsVisible = 0;
			defaultConfigurationName = Release;
		};
		894B4E2D20F67C9800E30C28 /* Build configuration list for PBXNativeTarget "ChatAppUITests" */ = {
			isa = XCConfigurationList;
			buildConfigurations = (
				894B4E2E20F67C9800E30C28 /* Debug */,
				894B4E2F20F67C9800E30C28 /* Release */,
			);
			defaultConfigurationIsVisible = 0;
			defaultConfigurationName = Release;
		};
/* End XCConfigurationList section */
	};
	rootObject = 894B4DF720F67C9300E30C28 /* Project object */;
}
